
Microsoft Visual Studio Solution File, Format Version 12.00
# Visual Studio 15
VisualStudioVersion = 15.0.27703.2042
MinimumVisualStudioVersion = 10.0.40219.1
Project("{FAE04EC0-301F-11D3-BF4B-00C04F79EFBC}") = "Clariane_Menezes", "Clariane_Menezes\Clariane_Menezes.csproj", "{F73EE8A0-4E02-4C6C-8934-49FE6239EF24}"
EndProject
Project("{FAE04EC0-301F-11D3-BF4B-00C04F79EFBC}") = "MicroondasBLL", "MicroondasBLL\MicroondasBLL.csproj", "{422B2815-8B29-4A02-8443-EAB355DA3FE2}"
EndProject
Project("{FAE04EC0-301F-11D3-BF4B-00C04F79EFBC}") = "MicroondasModels", "MicroondasModels\MicroondasModels.csproj", "{7C79187A-485F-4987-A26F-37C9FD19E44F}"
EndProject
Global
	GlobalSection(SolutionConfigurationPlatforms) = preSolution
		Debug|Any CPU = Debug|Any CPU
		Release|Any CPU = Release|Any CPU
	EndGlobalSection
	GlobalSection(ProjectConfigurationPlatforms) = postSolution
		{F73EE8A0-4E02-4C6C-8934-49FE6239EF24}.Debug|Any CPU.ActiveCfg = Debug|Any CPU
		{F73EE8A0-4E02-4C6C-8934-49FE6239EF24}.Debug|Any CPU.Build.0 = Debug|Any CPU
		{F73EE8A0-4E02-4C6C-8934-49FE6239EF24}.Release|Any CPU.ActiveCfg = Release|Any CPU
		{F73EE8A0-4E02-4C6C-8934-49FE6239EF24}.Release|Any CPU.Build.0 = Release|Any CPU
		{422B2815-8B29-4A02-8443-EAB355DA3FE2}.Debug|Any CPU.ActiveCfg = Debug|Any CPU
		{422B2815-8B29-4A02-8443-EAB355DA3FE2}.Debug|Any CPU.Build.0 = Debug|Any CPU
		{422B2815-8B29-4A02-8443-EAB355DA3FE2}.Release|Any CPU.ActiveCfg = Release|Any CPU
		{422B2815-8B29-4A02-8443-EAB355DA3FE2}.Release|Any CPU.Build.0 = Release|Any CPU
		{7C79187A-485F-4987-A26F-37C9FD19E44F}.Debug|Any CPU.ActiveCfg = Debug|Any CPU
		{7C79187A-485F-4987-A26F-37C9FD19E44F}.Debug|Any CPU.Build.0 = Debug|Any CPU
		{7C79187A-485F-4987-A26F-37C9FD19E44F}.Release|Any CPU.ActiveCfg = Release|Any CPU
		{7C79187A-485F-4987-A26F-37C9FD19E44F}.Release|Any CPU.Build.0 = Release|Any CPU
	EndGlobalSection
	GlobalSection(SolutionProperties) = preSolution
		HideSolutionNode = FALSE
	EndGlobalSection
	GlobalSection(ExtensibilityGlobals) = postSolution
		SolutionGuid = {64B07AEA-B92B-4848-90BE-4CE51F122BE6}
	EndGlobalSection
EndGlobal
